
Microsoft Visual Studio Solution File, Format Version 12.00
# Visual Studio Version 16
VisualStudioVersion = 16.0.31005.135
MinimumVisualStudioVersion = 10.0.40219.1
Project("{FAE04EC0-301F-11D3-BF4B-00C04F79EFBC}") = "ConsoleAppDesignPaterncomposite", "ConsoleAppDEsignPaterncomposite\ConsoleAppDesignPaterncomposite.csproj", "{90AE12E0-A745-4763-A06D-52AEBA34C03C}"
EndProject
Global
	GlobalSection(SolutionConfigurationPlatforms) = preSolution
		Debug|Any CPU = Debug|Any CPU
		Release|Any CPU = Release|Any CPU
	EndGlobalSection
	GlobalSection(ProjectConfigurationPlatforms) = postSolution
		{90AE12E0-A745-4763-A06D-52AEBA34C03C}.Debug|Any CPU.ActiveCfg = Debug|Any CPU
		{90AE12E0-A745-4763-A06D-52AEBA34C03C}.Debug|Any CPU.Build.0 = Debug|Any CPU
		{90AE12E0-A745-4763-A06D-52AEBA34C03C}.Release|Any CPU.ActiveCfg = Release|Any CPU
		{90AE12E0-A745-4763-A06D-52AEBA34C03C}.Release|Any CPU.Build.0 = Release|Any CPU
	EndGlobalSection
	GlobalSection(SolutionProperties) = preSolution
		HideSolutionNode = FALSE
	EndGlobalSection
	GlobalSection(ExtensibilityGlobals) = postSolution
		SolutionGuid = {273C4320-A29C-4C20-9E82-6DAFD56D6DED}
	EndGlobalSection
EndGlobal
